
Microsoft Visual Studio Solution File, Format Version 12.00
# Visual Studio 15
VisualStudioVersion = 15.0.27428.2043
MinimumVisualStudioVersion = 10.0.40219.1
Project("{FAE04EC0-301F-11D3-BF4B-00C04F79EFBC}") = "ClassLibrary1", "ClassLibrary1\ClassLibrary1.csproj", "{CFC9EDD5-277A-4357-A3B1-456F40488563}"
EndProject
Project("{2150E333-8FDC-42A3-9474-1A3956D46DE8}") = "tests", "tests", "{8B73DECB-931B-4095-85F1-874C6E42B894}"
EndProject
Project("{FAE04EC0-301F-11D3-BF4B-00C04F79EFBC}") = "ClassLibrary1_Tests", "ClassLibrary1_Tests\ClassLibrary1_Tests.csproj", "{A8588ADB-8FC9-441D-96FF-18AAFCE4CFDE}"
EndProject
Global
	GlobalSection(SolutionConfigurationPlatforms) = preSolution
		Debug|Any CPU = Debug|Any CPU
		Release|Any CPU = Release|Any CPU
	EndGlobalSection
	GlobalSection(ProjectConfigurationPlatforms) = postSolution
		{CFC9EDD5-277A-4357-A3B1-456F40488563}.Debug|Any CPU.ActiveCfg = Debug|Any CPU
		{CFC9EDD5-277A-4357-A3B1-456F40488563}.Debug|Any CPU.Build.0 = Debug|Any CPU
		{CFC9EDD5-277A-4357-A3B1-456F40488563}.Release|Any CPU.ActiveCfg = Release|Any CPU
		{CFC9EDD5-277A-4357-A3B1-456F40488563}.Release|Any CPU.Build.0 = Release|Any CPU
		{A8588ADB-8FC9-441D-96FF-18AAFCE4CFDE}.Debug|Any CPU.ActiveCfg = Debug|Any CPU
		{A8588ADB-8FC9-441D-96FF-18AAFCE4CFDE}.Debug|Any CPU.Build.0 = Debug|Any CPU
		{A8588ADB-8FC9-441D-96FF-18AAFCE4CFDE}.Release|Any CPU.ActiveCfg = Release|Any CPU
		{A8588ADB-8FC9-441D-96FF-18AAFCE4CFDE}.Release|Any CPU.Build.0 = Release|Any CPU
	EndGlobalSection
	GlobalSection(SolutionProperties) = preSolution
		HideSolutionNode = FALSE
	EndGlobalSection
	GlobalSection(NestedProjects) = preSolution
		{A8588ADB-8FC9-441D-96FF-18AAFCE4CFDE} = {8B73DECB-931B-4095-85F1-874C6E42B894}
	EndGlobalSection
	GlobalSection(ExtensibilityGlobals) = postSolution
		SolutionGuid = {2411809C-0607-446E-AF35-D037E007E647}
	EndGlobalSection
EndGlobal
